
Microsoft Visual Studio Solution File, Format Version 12.00
# Visual Studio 15
VisualStudioVersion = 15.0.26124.0
MinimumVisualStudioVersion = 15.0.26124.0
Project("{FAE04EC0-301F-11D3-BF4B-00C04F79EFBC}") = "API", "API\API.csproj", "{CA15E24D-BC4A-4011-8AA2-F0A06DDF188F}"
EndProject
Project("{FAE04EC0-301F-11D3-BF4B-00C04F79EFBC}") = "Application", "Application\Application.csproj", "{6F00ED64-53A9-4DD2-BC1B-C39581F13D94}"
EndProject
Project("{FAE04EC0-301F-11D3-BF4B-00C04F79EFBC}") = "Domain", "Domain\Domain.csproj", "{5D35976A-960E-479F-B612-3A625CBB3FAD}"
EndProject
Project("{FAE04EC0-301F-11D3-BF4B-00C04F79EFBC}") = "Persistence", "Persistence\Persistence.csproj", "{BDACD5EE-F5B0-4EF6-95C3-0EEA85641826}"
EndProject
Global
	GlobalSection(SolutionConfigurationPlatforms) = preSolution
		Debug|Any CPU = Debug|Any CPU
		Debug|x64 = Debug|x64
		Debug|x86 = Debug|x86
		Release|Any CPU = Release|Any CPU
		Release|x64 = Release|x64
		Release|x86 = Release|x86
	EndGlobalSection
	GlobalSection(SolutionProperties) = preSolution
		HideSolutionNode = FALSE
	EndGlobalSection
	GlobalSection(ProjectConfigurationPlatforms) = postSolution
		{CA15E24D-BC4A-4011-8AA2-F0A06DDF188F}.Debug|Any CPU.ActiveCfg = Debug|Any CPU
		{CA15E24D-BC4A-4011-8AA2-F0A06DDF188F}.Debug|Any CPU.Build.0 = Debug|Any CPU
		{CA15E24D-BC4A-4011-8AA2-F0A06DDF188F}.Debug|x64.ActiveCfg = Debug|Any CPU
		{CA15E24D-BC4A-4011-8AA2-F0A06DDF188F}.Debug|x64.Build.0 = Debug|Any CPU
		{CA15E24D-BC4A-4011-8AA2-F0A06DDF188F}.Debug|x86.ActiveCfg = Debug|Any CPU
		{CA15E24D-BC4A-4011-8AA2-F0A06DDF188F}.Debug|x86.Build.0 = Debug|Any CPU
		{CA15E24D-BC4A-4011-8AA2-F0A06DDF188F}.Release|Any CPU.ActiveCfg = Release|Any CPU
		{CA15E24D-BC4A-4011-8AA2-F0A06DDF188F}.Release|Any CPU.Build.0 = Release|Any CPU
		{CA15E24D-BC4A-4011-8AA2-F0A06DDF188F}.Release|x64.ActiveCfg = Release|Any CPU
		{CA15E24D-BC4A-4011-8AA2-F0A06DDF188F}.Release|x64.Build.0 = Release|Any CPU
		{CA15E24D-BC4A-4011-8AA2-F0A06DDF188F}.Release|x86.ActiveCfg = Release|Any CPU
		{CA15E24D-BC4A-4011-8AA2-F0A06DDF188F}.Release|x86.Build.0 = Release|Any CPU
		{6F00ED64-53A9-4DD2-BC1B-C39581F13D94}.Debug|Any CPU.ActiveCfg = Debug|Any CPU
		{6F00ED64-53A9-4DD2-BC1B-C39581F13D94}.Debug|Any CPU.Build.0 = Debug|Any CPU
		{6F00ED64-53A9-4DD2-BC1B-C39581F13D94}.Debug|x64.ActiveCfg = Debug|Any CPU
		{6F00ED64-53A9-4DD2-BC1B-C39581F13D94}.Debug|x64.Build.0 = Debug|Any CPU
		{6F00ED64-53A9-4DD2-BC1B-C39581F13D94}.Debug|x86.ActiveCfg = Debug|Any CPU
		{6F00ED64-53A9-4DD2-BC1B-C39581F13D94}.Debug|x86.Build.0 = Debug|Any CPU
		{6F00ED64-53A9-4DD2-BC1B-C39581F13D94}.Release|Any CPU.ActiveCfg = Release|Any CPU
		{6F00ED64-53A9-4DD2-BC1B-C39581F13D94}.Release|Any CPU.Build.0 = Release|Any CPU
		{6F00ED64-53A9-4DD2-BC1B-C39581F13D94}.Release|x64.ActiveCfg = Release|Any CPU
		{6F00ED64-53A9-4DD2-BC1B-C39581F13D94}.Release|x64.Build.0 = Release|Any CPU
		{6F00ED64-53A9-4DD2-BC1B-C39581F13D94}.Release|x86.ActiveCfg = Release|Any CPU
		{6F00ED64-53A9-4DD2-BC1B-C39581F13D94}.Release|x86.Build.0 = Release|Any CPU
		{5D35976A-960E-479F-B612-3A625CBB3FAD}.Debug|Any CPU.ActiveCfg = Debug|Any CPU
		{5D35976A-960E-479F-B612-3A625CBB3FAD}.Debug|Any CPU.Build.0 = Debug|Any CPU
		{5D35976A-960E-479F-B612-3A625CBB3FAD}.Debug|x64.ActiveCfg = Debug|Any CPU
		{5D35976A-960E-479F-B612-3A625CBB3FAD}.Debug|x64.Build.0 = Debug|Any CPU
		{5D35976A-960E-479F-B612-3A625CBB3FAD}.Debug|x86.ActiveCfg = Debug|Any CPU
		{5D35976A-960E-479F-B612-3A625CBB3FAD}.Debug|x86.Build.0 = Debug|Any CPU
		{5D35976A-960E-479F-B612-3A625CBB3FAD}.Release|Any CPU.ActiveCfg = Release|Any CPU
		{5D35976A-960E-479F-B612-3A625CBB3FAD}.Release|Any CPU.Build.0 = Release|Any CPU
		{5D35976A-960E-479F-B612-3A625CBB3FAD}.Release|x64.ActiveCfg = Release|Any CPU
		{5D35976A-960E-479F-B612-3A625CBB3FAD}.Release|x64.Build.0 = Release|Any CPU
		{5D35976A-960E-479F-B612-3A625CBB3FAD}.Release|x86.ActiveCfg = Release|Any CPU
		{5D35976A-960E-479F-B612-3A625CBB3FAD}.Release|x86.Build.0 = Release|Any CPU
		{BDACD5EE-F5B0-4EF6-95C3-0EEA85641826}.Debug|Any CPU.ActiveCfg = Debug|Any CPU
		{BDACD5EE-F5B0-4EF6-95C3-0EEA85641826}.Debug|Any CPU.Build.0 = Debug|Any CPU
		{BDACD5EE-F5B0-4EF6-95C3-0EEA85641826}.Debug|x64.ActiveCfg = Debug|Any CPU
		{BDACD5EE-F5B0-4EF6-95C3-0EEA85641826}.Debug|x64.Build.0 = Debug|Any CPU
		{BDACD5EE-F5B0-4EF6-95C3-0EEA85641826}.Debug|x86.ActiveCfg = Debug|Any CPU
		{BDACD5EE-F5B0-4EF6-95C3-0EEA85641826}.Debug|x86.Build.0 = Debug|Any CPU
		{BDACD5EE-F5B0-4EF6-95C3-0EEA85641826}.Release|Any CPU.ActiveCfg = Release|Any CPU
		{BDACD5EE-F5B0-4EF6-95C3-0EEA85641826}.Release|Any CPU.Build.0 = Release|Any CPU
		{BDACD5EE-F5B0-4EF6-95C3-0EEA85641826}.Release|x64.ActiveCfg = Release|Any CPU
		{BDACD5EE-F5B0-4EF6-95C3-0EEA85641826}.Release|x64.Build.0 = Release|Any CPU
		{BDACD5EE-F5B0-4EF6-95C3-0EEA85641826}.Release|x86.ActiveCfg = Release|Any CPU
		{BDACD5EE-F5B0-4EF6-95C3-0EEA85641826}.Release|x86.Build.0 = Release|Any CPU
	EndGlobalSection
EndGlobal
